{
  "lockfileVersion": 1,
  "configVersion": 1,
  "workspaces": {
    "": {
      "name": "twitter-url-rewrite-proxy",
      "dependencies": {
        "@elysia/openapi": "^1.4.8",
        "elysia": "^1.4.28",
      },
      "devDependencies": {
        "@types/bun": "^1.3.13",
        "oxfmt": "^0.18.0",
        "oxlint": "^0.18.0",
        "typescript": "^6.0.3",
      },
    },
  },
  "packages": {
    "@borewit/text-codec": ["@borewit/text-codec@0.2.2", "", {}, "sha512-DDaRehssg1aNrH4+2hnj1B7vnUGEjU6OIlyRdkMd0aUdIUvKXrJfXsy8LVtXAy7DRvYVluWbMspsRhz2lcW0mQ=="],

    "@elysia/openapi": ["@elysia/openapi@1.4.15", "", { "peerDependencies": { "elysia": ">= 1.4.0" } }, "sha512-MrVGCPo5hnRF4/yWGOyH5ddjt4DlSIbeC5rrkupQtHY8TEQe+XdJa2YM9aUOrtgtRcy4UNGyiVlLl/jllPkPQA=="],

    "@oxfmt/darwin-arm64": ["@oxfmt/darwin-arm64@0.18.0", "", { "os": "darwin", "cpu": "arm64" }, "sha512-Dp3mOFUtLtG/0eDclI3rx2be5FEnUxh2T6zlq7Zx5Q1c+DS9LJF8H97nQx+O/OU+o0e0J90kN8Msf9v3j7Hhsg=="],

    "@oxfmt/darwin-x64": ["@oxfmt/darwin-x64@0.18.0", "", { "os": "darwin", "cpu": "x64" }, "sha512-Oe3KS4tdfLq+f1Ebje7D9BF7/0xmBYSMN6dWatSko1xfvu8oCZzKcNCcbwz0a8rBnoH/BnIiGFUEbgJDnA/JLQ=="],

    "@oxfmt/linux-arm64-gnu": ["@oxfmt/linux-arm64-gnu@0.18.0", "", { "os": "linux", "cpu": "arm64" }, "sha512-zW9z8LrAgL9bswgsaFOnQmoImCbq9YQST8B15FAoTeZYr9sb/VfdD6/PQEBLCptYlFmoTvmDNHjppi9g61NwHQ=="],

    "@oxfmt/linux-arm64-musl": ["@oxfmt/linux-arm64-musl@0.18.0", "", { "os": "linux", "cpu": "arm64" }, "sha512-mFnpcasZZv1s/+6YDPradhIgR2G7GWr+mnzgJMIKQOJAtX3b0vzG+FE4f7hDIZPEUhC0hvZSd8f31FjAtrX0aQ=="],

    "@oxfmt/linux-x64-gnu": ["@oxfmt/linux-x64-gnu@0.18.0", "", { "os": "linux", "cpu": "x64" }, "sha512-G1AXQNHVkPgVgRrAvDYdNi0x3gkvVyEmpL6WLMwoSjMnwYWQLt5/jrndHbS2Db8/CcmMo6VPP8lUQGvM4TRVaQ=="],

    "@oxfmt/linux-x64-musl": ["@oxfmt/linux-x64-musl@0.18.0", "", { "os": "linux", "cpu": "x64" }, "sha512-M/KEIMHDr5lcK9gDxgIGr9xVwX7Pfl3PZs+6e8SySuckMgoJMkee6uWxhMdxws3dfU94saAkVmNQzM2+l3hvtA=="],

    "@oxfmt/win32-arm64": ["@oxfmt/win32-arm64@0.18.0", "", { "os": "win32", "cpu": "arm64" }, "sha512-LunuNBTLOgfkYFjiHOeNHD/Ii5paO/GVyNPSEYBwEPULbdeMGnjHqxzQHLGU8QIQjwu55mp4uuBP0DAXTli2TQ=="],

    "@oxfmt/win32-x64": ["@oxfmt/win32-x64@0.18.0", "", { "os": "win32", "cpu": "x64" }, "sha512-0kJJwn4FPeGJ4uV6ofOCiY+oBKWg+RWpRjYc9bywTjDbxWR6JAqtuXkiARCJej8UD/rJeXnHYTF78sFALkwZyA=="],

    "@oxlint/darwin-arm64": ["@oxlint/darwin-arm64@0.18.1", "", { "os": "darwin", "cpu": "arm64" }, "sha512-FqDrcQJmEGNkgmZgI4wbCrGyJl1tiRZa3udxvyYaXag8W80A0zLFNCyWVvHIgUJ0DHlZjRc7O72xUGjiyvQrqQ=="],

    "@oxlint/darwin-x64": ["@oxlint/darwin-x64@0.18.1", "", { "os": "darwin", "cpu": "x64" }, "sha512-YUcyWBJdNuMcJxAwdV/i25/kvnKrVsA+vLn7SsL87cAwiD//rqGdOixk0r8sKUYa71Kx3h0Fg2ToUOjdE6ddYw=="],

    "@oxlint/linux-arm64-gnu": ["@oxlint/linux-arm64-gnu@0.18.1", "", { "os": "linux", "cpu": "arm64" }, "sha512-ol3jhmUv5VI/omMrt6DkwY/jVTSVJlflFyU1SnSb/BuVVf3TyBiCHmZ4wVtcrcT5k3sWjrvYWw2kSozvmuE4tg=="],

    "@oxlint/linux-arm64-musl": ["@oxlint/linux-arm64-musl@0.18.1", "", { "os": "linux", "cpu": "arm64" }, "sha512-iKDj1ZwlU4KpXuIL1qkVP6NJzri2VSJreqXCIAe1Bf5RZXMAGSO3xjldgiX+HBvFOKSBIarLcqONYDbYco9uaQ=="],

    "@oxlint/linux-x64-gnu": ["@oxlint/linux-x64-gnu@0.18.1", "", { "os": "linux", "cpu": "x64" }, "sha512-A3g+fZhlOivUdK7xU/IrbhBcMHig5GLrfMX0HYjXL1fiSqKYu9n1o1p42WpT6KfPL3L2uncSg/iyg7hspcN6qA=="],

    "@oxlint/linux-x64-musl": ["@oxlint/linux-x64-musl@0.18.1", "", { "os": "linux", "cpu": "x64" }, "sha512-LA02SdATWZEZBy8ZZpR2GlUbDg7+Jq1/WKkywMXqxdClkcoyyFozj8aQD2iTMKELSra4OSyqqZpOYroqjSSKmw=="],

    "@oxlint/win32-arm64": ["@oxlint/win32-arm64@0.18.1", "", { "os": "win32", "cpu": "arm64" }, "sha512-FNL+OxDflqLGXRgLxfBM/X4RnLYgtOKTsb1mNSqsjSCEfUi1Oqivh7KvZ09IfAMZeJ85/fL6EI6hSOyY7nNYUg=="],

    "@oxlint/win32-x64": ["@oxlint/win32-x64@0.18.1", "", { "os": "win32", "cpu": "x64" }, "sha512-W+aVE9Siqs6Oe3NDaDOTTOYsN9X3znl+whfqWK1EcLpqJXX1kdB8Hf45HkGjqnHoFoP96GRgUnXQHQvmUybjvg=="],

    "@sinclair/typebox": ["@sinclair/typebox@0.34.49", "", {}, "sha512-brySQQs7Jtn0joV8Xh9ZV/hZb9Ozb0pmazDIASBkYKCjXrXU3mpcFahmK/z4YDhGkQvP9mWJbVyahdtU5wQA+A=="],

    "@tokenizer/inflate": ["@tokenizer/inflate@0.4.1", "", { "dependencies": { "debug": "^4.4.3", "token-types": "^6.1.1" } }, "sha512-2mAv+8pkG6GIZiF1kNg1jAjh27IDxEPKwdGul3snfztFerfPGI1LjDezZp3i7BElXompqEtPmoPx6c2wgtWsOA=="],

    "@tokenizer/token": ["@tokenizer/token@0.3.0", "", {}, "sha512-OvjF+z51L3ov0OyAU0duzsYuvO01PH7x4t6DJx+guahgTnBHkhJdG7soQeTSFLWN3efnHyibZ4Z8l2EuWwJN3A=="],

    "@types/bun": ["@types/bun@1.3.13", "", { "dependencies": { "bun-types": "1.3.13" } }, "sha512-9fqXWk5YIHGGnUau9TEi+qdlTYDAnOj+xLCmSTwXfAIqXr2x4tytJb43E9uCvt09zJURKXwAtkoH4nLQfzeTXw=="],

    "@types/node": ["@types/node@25.6.0", "", { "dependencies": { "undici-types": "~7.19.0" } }, "sha512-+qIYRKdNYJwY3vRCZMdJbPLJAtGjQBudzZzdzwQYkEPQd+PJGixUL5QfvCLDaULoLv+RhT3LDkwEfKaAkgSmNQ=="],

    "bun-types": ["bun-types@1.3.13", "", { "dependencies": { "@types/node": "*" } }, "sha512-QXKeHLlOLqQX9LgYaHJfzdBaV21T63HhFJnvuRCcjZiaUDpbs5ED1MgxbMra71CsryN/1dAoXuJJJwIv/2drVA=="],

    "cookie": ["cookie@1.1.1", "", {}, "sha512-ei8Aos7ja0weRpFzJnEA9UHJ/7XQmqglbRwnf2ATjcB9Wq874VKH9kfjjirM6UhU2/E5fFYadylyhFldcqSidQ=="],

    "debug": ["debug@4.4.3", "", { "dependencies": { "ms": "^2.1.3" } }, "sha512-RGwwWnwQvkVfavKVt22FGLw+xYSdzARwm0ru6DhTVA3umU5hZc28V3kO4stgYryrTlLpuvgI9GiijltAjNbcqA=="],

    "elysia": ["elysia@1.4.28", "", { "dependencies": { "cookie": "^1.1.1", "exact-mirror": "^0.2.7", "fast-decode-uri-component": "^1.0.1", "memoirist": "^0.4.0" }, "peerDependencies": { "@sinclair/typebox": ">= 0.34.0 < 1", "@types/bun": ">= 1.2.0", "file-type": ">= 20.0.0", "openapi-types": ">= 12.0.0", "typescript": ">= 5.0.0" }, "optionalPeers": ["@types/bun", "typescript"] }, "sha512-Vrx8sBnvq8squS/3yNBzR1jBXI+SgmnmvwawPjNuEHndUe5l1jV2Gp6JJ4ulDkEB8On6bWmmuyPpA+bq4t+WYg=="],

    "exact-mirror": ["exact-mirror@0.2.7", "", { "peerDependencies": { "@sinclair/typebox": "^0.34.15" }, "optionalPeers": ["@sinclair/typebox"] }, "sha512-+MeEmDcLA4o/vjK2zujgk+1VTxPR4hdp23qLqkWfStbECtAq9gmsvQa3LW6z/0GXZyHJobrCnmy1cdeE7BjsYg=="],

    "fast-decode-uri-component": ["fast-decode-uri-component@1.0.1", "", {}, "sha512-WKgKWg5eUxvRZGwW8FvfbaH7AXSh2cL+3j5fMGzUMCxWBJ3dV3a7Wz8y2f/uQ0e3B6WmodD3oS54jTQ9HVTIIg=="],

    "file-type": ["file-type@22.0.1", "", { "dependencies": { "@tokenizer/inflate": "^0.4.1", "strtok3": "^10.3.5", "token-types": "^6.1.2", "uint8array-extras": "^1.5.0" } }, "sha512-ww5Mhre0EE+jmBvOXTmXAbEMuZE7uX4a3+oRCQFNj8w++g3ev913N6tXQz0XTXbueQ5TWQfm6BdaViEHHn8bhA=="],

    "ieee754": ["ieee754@1.2.1", "", {}, "sha512-dcyqhDvX1C46lXZcVqCpK+FtMRQVdIMN6/Df5js2zouUsqG7I6sFxitIC+7KYK29KdXOLHdu9zL4sFnoVQnqaA=="],

    "memoirist": ["memoirist@0.4.0", "", {}, "sha512-zxTgA0mSYELa66DimuNQDvyLq36AwDlTuVRbnQtB+VuTcKWm5Qc4z3WkSpgsFWHNhexqkIooqpv4hdcqrX5Nmg=="],

    "ms": ["ms@2.1.3", "", {}, "sha512-6FlzubTLZG3J2a/NVCAleEhjzq5oxgHyaCU9yYXvcLsvoVaHJq/s5xXI6/XXP6tz7R9xAOtHnSO/tXtF3WRTlA=="],

    "openapi-types": ["openapi-types@12.1.3", "", {}, "sha512-N4YtSYJqghVu4iek2ZUvcN/0aqH1kRDuNqzcycDxhOUpg7GdvLa2F3DgS6yBNhInhv2r/6I0Flkn7CqL8+nIcw=="],

    "oxfmt": ["oxfmt@0.18.0", "", { "dependencies": { "tinypool": "2.0.0" }, "optionalDependencies": { "@oxfmt/darwin-arm64": "0.18.0", "@oxfmt/darwin-x64": "0.18.0", "@oxfmt/linux-arm64-gnu": "0.18.0", "@oxfmt/linux-arm64-musl": "0.18.0", "@oxfmt/linux-x64-gnu": "0.18.0", "@oxfmt/linux-x64-musl": "0.18.0", "@oxfmt/win32-arm64": "0.18.0", "@oxfmt/win32-x64": "0.18.0" }, "bin": { "oxfmt": "bin/oxfmt" } }, "sha512-XqVS+LQi7ARsFlIftB69+jGN2qQaJNBjQU2b9ZQYt+iaUV9digh+dBIsU0isQIZhaQ1ihxGFfsTYQXE/Oak8Qw=="],

    "oxlint": ["oxlint@0.18.1", "", { "optionalDependencies": { "@oxlint/darwin-arm64": "0.18.1", "@oxlint/darwin-x64": "0.18.1", "@oxlint/linux-arm64-gnu": "0.18.1", "@oxlint/linux-arm64-musl": "0.18.1", "@oxlint/linux-x64-gnu": "0.18.1", "@oxlint/linux-x64-musl": "0.18.1", "@oxlint/win32-arm64": "0.18.1", "@oxlint/win32-x64": "0.18.1" }, "bin": { "oxlint": "bin/oxlint", "oxc_language_server": "bin/oxc_language_server" } }, "sha512-JGcQvbhd00Qb+nq4f9sYYRh7mZIb0K/7rbMepNdJDMzo8pbmBpx1N2XOG61RjHDsNnY6ImAmVk3h4QVwFenwUQ=="],

    "strtok3": ["strtok3@10.3.5", "", { "dependencies": { "@tokenizer/token": "^0.3.0" } }, "sha512-ki4hZQfh5rX0QDLLkOCj+h+CVNkqmp/CMf8v8kZpkNVK6jGQooMytqzLZYUVYIZcFZ6yDB70EfD8POcFXiF5oA=="],

    "tinypool": ["tinypool@2.0.0", "", {}, "sha512-/RX9RzeH2xU5ADE7n2Ykvmi9ED3FBGPAjw9u3zucrNNaEBIO0HPSYgL0NT7+3p147ojeSdaVu08F6hjpv31HJg=="],

    "token-types": ["token-types@6.1.2", "", { "dependencies": { "@borewit/text-codec": "^0.2.1", "@tokenizer/token": "^0.3.0", "ieee754": "^1.2.1" } }, "sha512-dRXchy+C0IgK8WPC6xvCHFRIWYUbqqdEIKPaKo/AcTUNzwLTK6AH7RjdLWsEZcAN/TBdtfUw3PYEgPr5VPr6ww=="],

    "typescript": ["typescript@6.0.3", "", { "bin": { "tsc": "bin/tsc", "tsserver": "bin/tsserver" } }, "sha512-y2TvuxSZPDyQakkFRPZHKFm+KKVqIisdg9/CZwm9ftvKXLP8NRWj38/ODjNbr43SsoXqNuAisEf1GdCxqWcdBw=="],

    "uint8array-extras": ["uint8array-extras@1.5.0", "", {}, "sha512-rvKSBiC5zqCCiDZ9kAOszZcDvdAHwwIKJG33Ykj43OKcWsnmcBRL09YTU4nOeHZ8Y2a7l1MgTd08SBe9A8Qj6A=="],

    "undici-types": ["undici-types@7.19.2", "", {}, "sha512-qYVnV5OEm2AW8cJMCpdV20CDyaN3g0AjDlOGf1OW4iaDEx8MwdtChUp4zu4H0VP3nDRF/8RKWH+IPp9uW0YGZg=="],
  }
}
